
Microsoft Visual Studio Solution File, Format Version 12.00
# Visual Studio 2013
VisualStudioVersion = 12.0.31101.0
MinimumVisualStudioVersion = 10.0.40219.1
Project("{FAE04EC0-301F-11D3-BF4B-00C04F79EFBC}") = "NWDeploy", "NWDeploy\NWDeploy.csproj", "{CB6A0634-0FB5-4232-B84A-CF7065909FFD}"
EndProject
Project("{FAE04EC0-301F-11D3-BF4B-00C04F79EFBC}") = "FAQ", "FAQ\FAQ.csproj", "{2ED79D5E-43FA-492A-9280-BAA511C291ED}"
EndProject
Project("{FAE04EC0-301F-11D3-BF4B-00C04F79EFBC}") = "SPMedia", "SPMedia\SPMedia.csproj", "{0BF55B64-DB58-430E-B408-4CD69E3559ED}"
EndProject
Project("{FAE04EC0-301F-11D3-BF4B-00C04F79EFBC}") = "SP.Maps", "SP.Maps\SP.Maps.csproj", "{FCF4EBE3-0C0D-4EF2-AD16-590E7048F8AD}"
EndProject
Project("{FAE04EC0-301F-11D3-BF4B-00C04F79EFBC}") = "SharePointGMapsGeolocation", "SPGMapsGeolocation\SharePointGMapsGeolocation.csproj", "{F4829B43-E17A-40E3-953D-16113262966E}"
EndProject
Global
	GlobalSection(SolutionConfigurationPlatforms) = preSolution
		Debug|Any CPU = Debug|Any CPU
		Release|Any CPU = Release|Any CPU
	EndGlobalSection
	GlobalSection(ProjectConfigurationPlatforms) = postSolution
		{CB6A0634-0FB5-4232-B84A-CF7065909FFD}.Debug|Any CPU.ActiveCfg = Debug|Any CPU
		{CB6A0634-0FB5-4232-B84A-CF7065909FFD}.Debug|Any CPU.Build.0 = Debug|Any CPU
		{CB6A0634-0FB5-4232-B84A-CF7065909FFD}.Debug|Any CPU.Deploy.0 = Debug|Any CPU
		{CB6A0634-0FB5-4232-B84A-CF7065909FFD}.Release|Any CPU.ActiveCfg = Release|Any CPU
		{CB6A0634-0FB5-4232-B84A-CF7065909FFD}.Release|Any CPU.Build.0 = Release|Any CPU
		{CB6A0634-0FB5-4232-B84A-CF7065909FFD}.Release|Any CPU.Deploy.0 = Release|Any CPU
		{2ED79D5E-43FA-492A-9280-BAA511C291ED}.Debug|Any CPU.ActiveCfg = Debug|Any CPU
		{2ED79D5E-43FA-492A-9280-BAA511C291ED}.Debug|Any CPU.Build.0 = Debug|Any CPU
		{2ED79D5E-43FA-492A-9280-BAA511C291ED}.Debug|Any CPU.Deploy.0 = Debug|Any CPU
		{2ED79D5E-43FA-492A-9280-BAA511C291ED}.Release|Any CPU.ActiveCfg = Release|Any CPU
		{2ED79D5E-43FA-492A-9280-BAA511C291ED}.Release|Any CPU.Build.0 = Release|Any CPU
		{2ED79D5E-43FA-492A-9280-BAA511C291ED}.Release|Any CPU.Deploy.0 = Release|Any CPU
		{0BF55B64-DB58-430E-B408-4CD69E3559ED}.Debug|Any CPU.ActiveCfg = Debug|Any CPU
		{0BF55B64-DB58-430E-B408-4CD69E3559ED}.Debug|Any CPU.Build.0 = Debug|Any CPU
		{0BF55B64-DB58-430E-B408-4CD69E3559ED}.Debug|Any CPU.Deploy.0 = Debug|Any CPU
		{0BF55B64-DB58-430E-B408-4CD69E3559ED}.Release|Any CPU.ActiveCfg = Release|Any CPU
		{0BF55B64-DB58-430E-B408-4CD69E3559ED}.Release|Any CPU.Build.0 = Release|Any CPU
		{0BF55B64-DB58-430E-B408-4CD69E3559ED}.Release|Any CPU.Deploy.0 = Release|Any CPU
		{FCF4EBE3-0C0D-4EF2-AD16-590E7048F8AD}.Debug|Any CPU.ActiveCfg = Debug|Any CPU
		{FCF4EBE3-0C0D-4EF2-AD16-590E7048F8AD}.Debug|Any CPU.Build.0 = Debug|Any CPU
		{FCF4EBE3-0C0D-4EF2-AD16-590E7048F8AD}.Debug|Any CPU.Deploy.0 = Debug|Any CPU
		{FCF4EBE3-0C0D-4EF2-AD16-590E7048F8AD}.Release|Any CPU.ActiveCfg = Release|Any CPU
		{FCF4EBE3-0C0D-4EF2-AD16-590E7048F8AD}.Release|Any CPU.Build.0 = Release|Any CPU
		{FCF4EBE3-0C0D-4EF2-AD16-590E7048F8AD}.Release|Any CPU.Deploy.0 = Release|Any CPU
		{F4829B43-E17A-40E3-953D-16113262966E}.Debug|Any CPU.ActiveCfg = Debug|Any CPU
		{F4829B43-E17A-40E3-953D-16113262966E}.Debug|Any CPU.Build.0 = Debug|Any CPU
		{F4829B43-E17A-40E3-953D-16113262966E}.Debug|Any CPU.Deploy.0 = Debug|Any CPU
		{F4829B43-E17A-40E3-953D-16113262966E}.Release|Any CPU.ActiveCfg = Release|Any CPU
		{F4829B43-E17A-40E3-953D-16113262966E}.Release|Any CPU.Build.0 = Release|Any CPU
		{F4829B43-E17A-40E3-953D-16113262966E}.Release|Any CPU.Deploy.0 = Release|Any CPU
	EndGlobalSection
	GlobalSection(SolutionProperties) = preSolution
		HideSolutionNode = FALSE
	EndGlobalSection
EndGlobal
